// !$*UTF8*$!
{
	archiveVersion = 1;
	classes = {
	};
	objectVersion = 51;
	objects = {

/* Begin PBXBuildFile section */
		1018992325A5E0260007F314 /* ListaSpecialisti.swift in Sources */ = {isa = PBXBuildFile; fileRef = 1018992225A5E0260007F314 /* ListaSpecialisti.swift */; };
		1018992625A5F5FE0007F314 /* Settings.swift in Sources */ = {isa = PBXBuildFile; fileRef = 1018992525A5F5FE0007F314 /* Settings.swift */; };
		10189A1E25ABA2450007F314 /* SettingsUser.swift in Sources */ = {isa = PBXBuildFile; fileRef = 10189A1D25ABA2450007F314 /* SettingsUser.swift */; };
		1D3494DB9B0B6F1D11D036E7 /* Pods_YourHealth.framework in Frameworks */ = {isa = PBXBuildFile; fileRef = 8046F541A97932FE9C088347 /* Pods_YourHealth.framework */; };
		6A5BA04A25A9C3DB007F3F32 /* GoogleService-Info.plist in Resources */ = {isa = PBXBuildFile; fileRef = 6A5BA04925A9C3DB007F3F32 /* GoogleService-Info.plist */; };
		6A733A6D25AF036300982BBA /* appointment.swift in Sources */ = {isa = PBXBuildFile; fileRef = 6A733A6C25AF036300982BBA /* appointment.swift */; };
		6A733A8925AF15D800982BBA /* appointmentuser.swift in Sources */ = {isa = PBXBuildFile; fileRef = 6A733A8825AF15D800982BBA /* appointmentuser.swift */; };
		6A982C1D259BD655005D707B /* mainview.swift in Sources */ = {isa = PBXBuildFile; fileRef = 6A982C1C259BD655005D707B /* mainview.swift */; };
		7B192D4525B310B400425FD4 /* UserNotifications.swift in Sources */ = {isa = PBXBuildFile; fileRef = 7B192D4425B310B400425FD4 /* UserNotifications.swift */; };
		7B192D4825B3116300425FD4 /* UserChatView.swift in Sources */ = {isa = PBXBuildFile; fileRef = 7B192D4725B3116300425FD4 /* UserChatView.swift */; };
		7B192D4B25B3148F00425FD4 /* SpecialistRequestView.swift in Sources */ = {isa = PBXBuildFile; fileRef = 7B192D4A25B3148F00425FD4 /* SpecialistRequestView.swift */; };
		7B192D4E25B43A8100425FD4 /* SpecialistRequestListView.swift in Sources */ = {isa = PBXBuildFile; fileRef = 7B192D4D25B43A8100425FD4 /* SpecialistRequestListView.swift */; };
		7B36534025ADAC0F00F33B7B /* OurSpecialistsView.swift in Sources */ = {isa = PBXBuildFile; fileRef = 7B36533F25ADAC0F00F33B7B /* OurSpecialistsView.swift */; };
		7B36537525ADD89D00F33B7B /* SurveyView.swift in Sources */ = {isa = PBXBuildFile; fileRef = 7B36537425ADD89D00F33B7B /* SurveyView.swift */; };
		7B36539025B1A1D500F33B7B /* SpecialistNotifications.swift in Sources */ = {isa = PBXBuildFile; fileRef = 7B36538F25B1A1D500F33B7B /* SpecialistNotifications.swift */; };
		7B642D3025A73180009F3171 /* Login.swift in Sources */ = {isa = PBXBuildFile; fileRef = 7B642D2F25A73180009F3171 /* Login.swift */; };
		7B642DB925A8570C009F3171 /* CreateNewCenter.swift in Sources */ = {isa = PBXBuildFile; fileRef = 7B642DB825A8570C009F3171 /* CreateNewCenter.swift */; };
		7B642F1225AC57D0009F3171 /* UserContentView.swift in Sources */ = {isa = PBXBuildFile; fileRef = 7B642F1125AC57D0009F3171 /* UserContentView.swift */; };
		7B642F1625AC59B8009F3171 /* UserLogin.swift in Sources */ = {isa = PBXBuildFile; fileRef = 7B642F1525AC59B7009F3171 /* UserLogin.swift */; };
		7B642F1A25AC5DD4009F3171 /* UserDashboard.swift in Sources */ = {isa = PBXBuildFile; fileRef = 7B642F1925AC5DD4009F3171 /* UserDashboard.swift */; };
		7B9BF6392598A69800C55398 /* JoinCenterView.swift in Sources */ = {isa = PBXBuildFile; fileRef = 7B9BF6382598A69800C55398 /* JoinCenterView.swift */; };
		7B9BF647259B4E1D00C55398 /* Types.swift in Sources */ = {isa = PBXBuildFile; fileRef = 7B9BF646259B4E1D00C55398 /* Types.swift */; };
		7B9CD13D25B2F33200E20A01 /* SpecialistChatView.swift in Sources */ = {isa = PBXBuildFile; fileRef = 7B9CD13C25B2F33200E20A01 /* SpecialistChatView.swift */; };
		7BCC473C2591F039001AB0E3 /* AppDelegate.swift in Sources */ = {isa = PBXBuildFile; fileRef = 7BCC473B2591F039001AB0E3 /* AppDelegate.swift */; };
		7BCC473E2591F039001AB0E3 /* SceneDelegate.swift in Sources */ = {isa = PBXBuildFile; fileRef = 7BCC473D2591F039001AB0E3 /* SceneDelegate.swift */; };
		7BCC47402591F039001AB0E3 /* ContentView.swift in Sources */ = {isa = PBXBuildFile; fileRef = 7BCC473F2591F039001AB0E3 /* ContentView.swift */; };
		7BCC47432591F039001AB0E3 /* YourHealth.xcdatamodeld in Sources */ = {isa = PBXBuildFile; fileRef = 7BCC47412591F039001AB0E3 /* YourHealth.xcdatamodeld */; };
		7BCC47452591F03B001AB0E3 /* Assets.xcassets in Resources */ = {isa = PBXBuildFile; fileRef = 7BCC47442591F03B001AB0E3 /* Assets.xcassets */; };
		7BCC47482591F03B001AB0E3 /* Preview Assets.xcassets in Resources */ = {isa = PBXBuildFile; fileRef = 7BCC47472591F03B001AB0E3 /* Preview Assets.xcassets */; };
		7BCC474B2591F03B001AB0E3 /* LaunchScreen.storyboard in Resources */ = {isa = PBXBuildFile; fileRef = 7BCC47492591F03B001AB0E3 /* LaunchScreen.storyboard */; };
/* End PBXBuildFile section */

/* Begin PBXFileReference section */
		1018992225A5E0260007F314 /* ListaSpecialisti.swift */ = {isa = PBXFileReference; lastKnownFileType = sourcecode.swift; path = ListaSpecialisti.swift; sourceTree = "<group>"; };
		1018992525A5F5FE0007F314 /* Settings.swift */ = {isa = PBXFileReference; lastKnownFileType = sourcecode.swift; path = Settings.swift; sourceTree = "<group>"; };
		10189A1D25ABA2450007F314 /* SettingsUser.swift */ = {isa = PBXFileReference; lastKnownFileType = sourcecode.swift; path = SettingsUser.swift; sourceTree = "<group>"; };
		4B8FFBF2B6CF602A18E5C4EE /* Pods-YourHealth.release.xcconfig */ = {isa = PBXFileReference; includeInIndex = 1; lastKnownFileType = text.xcconfig; name = "Pods-YourHealth.release.xcconfig"; path = "Target Support Files/Pods-YourHealth/Pods-YourHealth.release.xcconfig"; sourceTree = "<group>"; };
		6A5BA04925A9C3DB007F3F32 /* GoogleService-Info.plist */ = {isa = PBXFileReference; fileEncoding = 4; lastKnownFileType = text.plist.xml; name = "GoogleService-Info.plist"; path = "../../../Desktop/GoogleService-Info.plist"; sourceTree = "<group>"; };
		6A733A6C25AF036300982BBA /* appointment.swift */ = {isa = PBXFileReference; lastKnownFileType = sourcecode.swift; path = appointment.swift; sourceTree = "<group>"; };
		6A733A8825AF15D800982BBA /* appointmentuser.swift */ = {isa = PBXFileReference; lastKnownFileType = sourcecode.swift; path = appointmentuser.swift; sourceTree = "<group>"; };
		6A982C1C259BD655005D707B /* mainview.swift */ = {isa = PBXFileReference; lastKnownFileType = sourcecode.swift; path = mainview.swift; sourceTree = "<group>"; };
		7B192D4425B310B400425FD4 /* UserNotifications.swift */ = {isa = PBXFileReference; lastKnownFileType = sourcecode.swift; path = UserNotifications.swift; sourceTree = "<group>"; };
		7B192D4725B3116300425FD4 /* UserChatView.swift */ = {isa = PBXFileReference; lastKnownFileType = sourcecode.swift; path = UserChatView.swift; sourceTree = "<group>"; };
		7B192D4A25B3148F00425FD4 /* SpecialistRequestView.swift */ = {isa = PBXFileReference; lastKnownFileType = sourcecode.swift; path = SpecialistRequestView.swift; sourceTree = "<group>"; };
		7B192D4D25B43A8100425FD4 /* SpecialistRequestListView.swift */ = {isa = PBXFileReference; lastKnownFileType = sourcecode.swift; path = SpecialistRequestListView.swift; sourceTree = "<group>"; };
		7B36533F25ADAC0F00F33B7B /* OurSpecialistsView.swift */ = {isa = PBXFileReference; lastKnownFileType = sourcecode.swift; path = OurSpecialistsView.swift; sourceTree = "<group>"; };
		7B36537425ADD89D00F33B7B /* SurveyView.swift */ = {isa = PBXFileReference; lastKnownFileType = sourcecode.swift; path = SurveyView.swift; sourceTree = "<group>"; };
		7B36538F25B1A1D500F33B7B /* SpecialistNotifications.swift */ = {isa = PBXFileReference; lastKnownFileType = sourcecode.swift; path = SpecialistNotifications.swift; sourceTree = "<group>"; };
		7B642D2F25A73180009F3171 /* Login.swift */ = {isa = PBXFileReference; lastKnownFileType = sourcecode.swift; path = Login.swift; sourceTree = "<group>"; };
		7B642DB825A8570C009F3171 /* CreateNewCenter.swift */ = {isa = PBXFileReference; lastKnownFileType = sourcecode.swift; path = CreateNewCenter.swift; sourceTree = "<group>"; };
		7B642F1125AC57D0009F3171 /* UserContentView.swift */ = {isa = PBXFileReference; lastKnownFileType = sourcecode.swift; path = UserContentView.swift; sourceTree = "<group>"; };
		7B642F1525AC59B7009F3171 /* UserLogin.swift */ = {isa = PBXFileReference; lastKnownFileType = sourcecode.swift; path = UserLogin.swift; sourceTree = "<group>"; };
		7B642F1925AC5DD4009F3171 /* UserDashboard.swift */ = {isa = PBXFileReference; lastKnownFileType = sourcecode.swift; path = UserDashboard.swift; sourceTree = "<group>"; };
		7B9BF6382598A69800C55398 /* JoinCenterView.swift */ = {isa = PBXFileReference; lastKnownFileType = sourcecode.swift; path = JoinCenterView.swift; sourceTree = "<group>"; };
		7B9BF646259B4E1D00C55398 /* Types.swift */ = {isa = PBXFileReference; lastKnownFileType = sourcecode.swift; path = Types.swift; sourceTree = "<group>"; };
		7B9CD13C25B2F33200E20A01 /* SpecialistChatView.swift */ = {isa = PBXFileReference; lastKnownFileType = sourcecode.swift; path = SpecialistChatView.swift; sourceTree = "<group>"; };
		7BCC47382591F039001AB0E3 /* YourHealth.app */ = {isa = PBXFileReference; explicitFileType = wrapper.application; includeInIndex = 0; path = YourHealth.app; sourceTree = BUILT_PRODUCTS_DIR; };
		7BCC473B2591F039001AB0E3 /* AppDelegate.swift */ = {isa = PBXFileReference; lastKnownFileType = sourcecode.swift; path = AppDelegate.swift; sourceTree = "<group>"; };
		7BCC473D2591F039001AB0E3 /* SceneDelegate.swift */ = {isa = PBXFileReference; lastKnownFileType = sourcecode.swift; path = SceneDelegate.swift; sourceTree = "<group>"; };
		7BCC473F2591F039001AB0E3 /* ContentView.swift */ = {isa = PBXFileReference; lastKnownFileType = sourcecode.swift; path = ContentView.swift; sourceTree = "<group>"; };
		7BCC47422591F039001AB0E3 /* YourHealth.xcdatamodel */ = {isa = PBXFileReference; lastKnownFileType = wrapper.xcdatamodel; path = YourHealth.xcdatamodel; sourceTree = "<group>"; };
		7BCC47442591F03B001AB0E3 /* Assets.xcassets */ = {isa = PBXFileReference; lastKnownFileType = folder.assetcatalog; path = Assets.xcassets; sourceTree = "<group>"; };
		7BCC47472591F03B001AB0E3 /* Preview Assets.xcassets */ = {isa = PBXFileReference; lastKnownFileType = folder.assetcatalog; path = "Preview Assets.xcassets"; sourceTree = "<group>"; };
		7BCC474A2591F03B001AB0E3 /* Base */ = {isa = PBXFileReference; lastKnownFileType = file.storyboard; name = Base; path = Base.lproj/LaunchScreen.storyboard; sourceTree = "<group>"; };
		7BCC474C2591F03B001AB0E3 /* Info.plist */ = {isa = PBXFileReference; lastKnownFileType = text.plist.xml; path = Info.plist; sourceTree = "<group>"; };
		8046F541A97932FE9C088347 /* Pods_YourHealth.framework */ = {isa = PBXFileReference; explicitFileType = wrapper.framework; includeInIndex = 0; path = Pods_YourHealth.framework; sourceTree = BUILT_PRODUCTS_DIR; };
		B9414B4849F6B9421F110324 /* Pods-YourHealth.debug.xcconfig */ = {isa = PBXFileReference; includeInIndex = 1; lastKnownFileType = text.xcconfig; name = "Pods-YourHealth.debug.xcconfig"; path = "Target Support Files/Pods-YourHealth/Pods-YourHealth.debug.xcconfig"; sourceTree = "<group>"; };
/* End PBXFileReference section */

/* Begin PBXFrameworksBuildPhase section */
		7BCC47352591F039001AB0E3 /* Frameworks */ = {
			isa = PBXFrameworksBuildPhase;
			buildActionMask = 2147483647;
			files = (
				1D3494DB9B0B6F1D11D036E7 /* Pods_YourHealth.framework in Frameworks */,
			);
			runOnlyForDeploymentPostprocessing = 0;
		};
/* End PBXFrameworksBuildPhase section */

/* Begin PBXGroup section */
		7B39727F25A727AB006A7060 /* Login */ = {
			isa = PBXGroup;
			children = (
				6A982C1C259BD655005D707B /* mainview.swift */,
				7B642D2F25A73180009F3171 /* Login.swift */,
				7B642F1525AC59B7009F3171 /* UserLogin.swift */,
			);
			path = Login;
			sourceTree = "<group>";
		};
		7B642F0F25AC547C009F3171 /* User */ = {
			isa = PBXGroup;
			children = (
				10189A1D25ABA2450007F314 /* SettingsUser.swift */,
				7B642F1125AC57D0009F3171 /* UserContentView.swift */,
				7B642F1925AC5DD4009F3171 /* UserDashboard.swift */,
				7B36533F25ADAC0F00F33B7B /* OurSpecialistsView.swift */,
				7B36537425ADD89D00F33B7B /* SurveyView.swift */,
				6A733A8825AF15D800982BBA /* appointmentuser.swift */,
				7B192D4425B310B400425FD4 /* UserNotifications.swift */,
				7B192D4725B3116300425FD4 /* UserChatView.swift */,
			);
			path = User;
			sourceTree = "<group>";
		};
		7B642F1025AC5489009F3171 /* Specialist */ = {
			isa = PBXGroup;
			children = (
				7BCC473F2591F039001AB0E3 /* ContentView.swift */,
				7B642DB825A8570C009F3171 /* CreateNewCenter.swift */,
				7B9BF6382598A69800C55398 /* JoinCenterView.swift */,
				1018992225A5E0260007F314 /* ListaSpecialisti.swift */,
				1018992525A5F5FE0007F314 /* Settings.swift */,
				6A733A6C25AF036300982BBA /* appointment.swift */,
				7B36538F25B1A1D500F33B7B /* SpecialistNotifications.swift */,
				7B9CD13C25B2F33200E20A01 /* SpecialistChatView.swift */,
				7B192D4A25B3148F00425FD4 /* SpecialistRequestView.swift */,
				7B192D4D25B43A8100425FD4 /* SpecialistRequestListView.swift */,
			);
			path = Specialist;
			sourceTree = "<group>";
		};
		7BCC472F2591F039001AB0E3 = {
			isa = PBXGroup;
			children = (
				7BCC473A2591F039001AB0E3 /* YourHealth */,
				7BCC47392591F039001AB0E3 /* Products */,
				B161F3B755B1BE60F567CEE1 /* Pods */,
				C593DFEC6A4ED1E046E3EC90 /* Frameworks */,
			);
			sourceTree = "<group>";
		};
		7BCC47392591F039001AB0E3 /* Products */ = {
			isa = PBXGroup;
			children = (
				7BCC47382591F039001AB0E3 /* YourHealth.app */,
			);
			name = Products;
			sourceTree = "<group>";
		};
		7BCC473A2591F039001AB0E3 /* YourHealth */ = {
			isa = PBXGroup;
			children = (
				7BCC473B2591F039001AB0E3 /* AppDelegate.swift */,
				7BCC473D2591F039001AB0E3 /* SceneDelegate.swift */,
				7B39727F25A727AB006A7060 /* Login */,
				7B642F1025AC5489009F3171 /* Specialist */,
				7B642F0F25AC547C009F3171 /* User */,
				6A5BA04925A9C3DB007F3F32 /* GoogleService-Info.plist */,
				7B9BF646259B4E1D00C55398 /* Types.swift */,
				7BCC47442591F03B001AB0E3 /* Assets.xcassets */,
				7BCC47492591F03B001AB0E3 /* LaunchScreen.storyboard */,
				7BCC474C2591F03B001AB0E3 /* Info.plist */,
				7BCC47412591F039001AB0E3 /* YourHealth.xcdatamodeld */,
				7BCC47462591F03B001AB0E3 /* Preview Content */,
			);
			path = YourHealth;
			sourceTree = "<group>";
		};
		7BCC47462591F03B001AB0E3 /* Preview Content */ = {
			isa = PBXGroup;
			children = (
				7BCC47472591F03B001AB0E3 /* Preview Assets.xcassets */,
			);
			path = "Preview Content";
			sourceTree = "<group>";
		};
		B161F3B755B1BE60F567CEE1 /* Pods */ = {
			isa = PBXGroup;
			children = (
				B9414B4849F6B9421F110324 /* Pods-YourHealth.debug.xcconfig */,
				4B8FFBF2B6CF602A18E5C4EE /* Pods-YourHealth.release.xcconfig */,
			);
			path = Pods;
			sourceTree = "<group>";
		};
		C593DFEC6A4ED1E046E3EC90 /* Frameworks */ = {
			isa = PBXGroup;
			children = (
				8046F541A97932FE9C088347 /* Pods_YourHealth.framework */,
			);
			name = Frameworks;
			sourceTree = "<group>";
		};
/* End PBXGroup section */

/* Begin PBXNativeTarget section */
		7BCC47372591F039001AB0E3 /* YourHealth */ = {
			isa = PBXNativeTarget;
			buildConfigurationList = 7BCC474F2591F03B001AB0E3 /* Build configuration list for PBXNativeTarget "YourHealth" */;
			buildPhases = (
				8DEE6A20224A93B13733256B /* [CP] Check Pods Manifest.lock */,
				7BCC47342591F039001AB0E3 /* Sources */,
				7BCC47352591F039001AB0E3 /* Frameworks */,
				7BCC47362591F039001AB0E3 /* Resources */,
				A6A471B1AF799C8472512B64 /* [CP] Embed Pods Frameworks */,
			);
			buildRules = (
			);
			dependencies = (
			);
			name = YourHealth;
			productName = YourHealth;
			productReference = 7BCC47382591F039001AB0E3 /* YourHealth.app */;
			productType = "com.apple.product-type.application";
		};
/* End PBXNativeTarget section */

/* Begin PBXProject section */
		7BCC47302591F039001AB0E3 /* Project object */ = {
			isa = PBXProject;
			attributes = {
				LastSwiftUpdateCheck = 1220;
				LastUpgradeCheck = 1220;
				TargetAttributes = {
					7BCC47372591F039001AB0E3 = {
						CreatedOnToolsVersion = 12.2;
					};
				};
			};
			buildConfigurationList = 7BCC47332591F039001AB0E3 /* Build configuration list for PBXProject "YourHealth" */;
			compatibilityVersion = "Xcode 9.3";
			developmentRegion = en;
			hasScannedForEncodings = 0;
			knownRegions = (
				en,
				Base,
			);
			mainGroup = 7BCC472F2591F039001AB0E3;
			productRefGroup = 7BCC47392591F039001AB0E3 /* Products */;
			projectDirPath = "";
			projectRoot = "";
			targets = (
				7BCC47372591F039001AB0E3 /* YourHealth */,
			);
		};
/* End PBXProject section */

/* Begin PBXResourcesBuildPhase section */
		7BCC47362591F039001AB0E3 /* Resources */ = {
			isa = PBXResourcesBuildPhase;
			buildActionMask = 2147483647;
			files = (
				7BCC474B2591F03B001AB0E3 /* LaunchScreen.storyboard in Resources */,
				6A5BA04A25A9C3DB007F3F32 /* GoogleService-Info.plist in Resources */,
				7BCC47482591F03B001AB0E3 /* Preview Assets.xcassets in Resources */,
				7BCC47452591F03B001AB0E3 /* Assets.xcassets in Resources */,
			);
			runOnlyForDeploymentPostprocessing = 0;
		};
/* End PBXResourcesBuildPhase section */

/* Begin PBXShellScriptBuildPhase section */
		8DEE6A20224A93B13733256B /* [CP] Check Pods Manifest.lock */ = {
			isa = PBXShellScriptBuildPhase;
			buildActionMask = 2147483647;
			files = (
			);
			inputFileListPaths = (
			);
			inputPaths = (
				"${PODS_PODFILE_DIR_PATH}/Podfile.lock",
				"${PODS_ROOT}/Manifest.lock",
			);
			name = "[CP] Check Pods Manifest.lock";
			outputFileListPaths = (
			);
			outputPaths = (
				"$(DERIVED_FILE_DIR)/Pods-YourHealth-checkManifestLockResult.txt",
			);
			runOnlyForDeploymentPostprocessing = 0;
			shellPath = /bin/sh;
			shellScript = "diff \"${PODS_PODFILE_DIR_PATH}/Podfile.lock\" \"${PODS_ROOT}/Manifest.lock\" > /dev/null\nif [ $? != 0 ] ; then\n    # print error to STDERR\n    echo \"error: The sandbox is not in sync with the Podfile.lock. Run 'pod install' or update your CocoaPods installation.\" >&2\n    exit 1\nfi\n# This output is used by Xcode 'outputs' to avoid re-running this script phase.\necho \"SUCCESS\" > \"${SCRIPT_OUTPUT_FILE_0}\"\n";
			showEnvVarsInLog = 0;
		};
		A6A471B1AF799C8472512B64 /* [CP] Embed Pods Frameworks */ = {
			isa = PBXShellScriptBuildPhase;
			buildActionMask = 2147483647;
			files = (
			);
			inputFileListPaths = (
				"${PODS_ROOT}/Target Support Files/Pods-YourHealth/Pods-YourHealth-frameworks-${CONFIGURATION}-input-files.xcfilelist",
			);
			name = "[CP] Embed Pods Frameworks";
			outputFileListPaths = (
				"${PODS_ROOT}/Target Support Files/Pods-YourHealth/Pods-YourHealth-frameworks-${CONFIGURATION}-output-files.xcfilelist",
			);
			runOnlyForDeploymentPostprocessing = 0;
			shellPath = /bin/sh;
			shellScript = "\"${PODS_ROOT}/Target Support Files/Pods-YourHealth/Pods-YourHealth-frameworks.sh\"\n";
			showEnvVarsInLog = 0;
		};
/* End PBXShellScriptBuildPhase section */

/* Begin PBXSourcesBuildPhase section */
		7BCC47342591F039001AB0E3 /* Sources */ = {
			isa = PBXSourcesBuildPhase;
			buildActionMask = 2147483647;
			files = (
				6A733A8925AF15D800982BBA /* appointmentuser.swift in Sources */,
				7B192D4E25B43A8100425FD4 /* SpecialistRequestListView.swift in Sources */,
				7BCC47432591F039001AB0E3 /* YourHealth.xcdatamodeld in Sources */,
				7B642DB925A8570C009F3171 /* CreateNewCenter.swift in Sources */,
				7B642F1625AC59B8009F3171 /* UserLogin.swift in Sources */,
				7BCC473C2591F039001AB0E3 /* AppDelegate.swift in Sources */,
				10189A1E25ABA2450007F314 /* SettingsUser.swift in Sources */,
				6A982C1D259BD655005D707B /* mainview.swift in Sources */,
				7B36539025B1A1D500F33B7B /* SpecialistNotifications.swift in Sources */,
				7B9BF647259B4E1D00C55398 /* Types.swift in Sources */,
				7B642D3025A73180009F3171 /* Login.swift in Sources */,
				1018992625A5F5FE0007F314 /* Settings.swift in Sources */,
				1018992325A5E0260007F314 /* ListaSpecialisti.swift in Sources */,
				7B9CD13D25B2F33200E20A01 /* SpecialistChatView.swift in Sources */,
				7B642F1225AC57D0009F3171 /* UserContentView.swift in Sources */,
				7BCC473E2591F039001AB0E3 /* SceneDelegate.swift in Sources */,
				7B9BF6392598A69800C55398 /* JoinCenterView.swift in Sources */,
				7B642F1A25AC5DD4009F3171 /* UserDashboard.swift in Sources */,
				7B192D4825B3116300425FD4 /* UserChatView.swift in Sources */,
				7B192D4525B310B400425FD4 /* UserNotifications.swift in Sources */,
				7B192D4B25B3148F00425FD4 /* SpecialistRequestView.swift in Sources */,
				7B36534025ADAC0F00F33B7B /* OurSpecialistsView.swift in Sources */,
				7BCC47402591F039001AB0E3 /* ContentView.swift in Sources */,
				7B36537525ADD89D00F33B7B /* SurveyView.swift in Sources */,
				6A733A6D25AF036300982BBA /* appointment.swift in Sources */,
			);
			runOnlyForDeploymentPostprocessing = 0;
		};
/* End PBXSourcesBuildPhase section */

/* Begin PBXVariantGroup section */
		7BCC47492591F03B001AB0E3 /* LaunchScreen.storyboard */ = {
			isa = PBXVariantGroup;
			children = (
				7BCC474A2591F03B001AB0E3 /* Base */,
			);
			name = LaunchScreen.storyboard;
			sourceTree = "<group>";
		};
/* End PBXVariantGroup section */

/* Begin XCBuildConfiguration section */
		7BCC474D2591F03B001AB0E3 /* Debug */ = {
			isa = XCBuildConfiguration;
			buildSettings = {
				ALWAYS_SEARCH_USER_PATHS = NO;
				CLANG_ANALYZER_NONNULL = YES;
				CLANG_ANALYZER_NUMBER_OBJECT_CONVERSION = YES_AGGRESSIVE;
				CLANG_CXX_LANGUAGE_STANDARD = "gnu++14";
				CLANG_CXX_LIBRARY = "libc++";
				CLANG_ENABLE_MODULES = YES;
				CLANG_ENABLE_OBJC_ARC = YES;
				CLANG_ENABLE_OBJC_WEAK = YES;
				CLANG_WARN_BLOCK_CAPTURE_AUTORELEASING = YES;
				CLANG_WARN_BOOL_CONVERSION = YES;
				CLANG_WARN_COMMA = YES;
				CLANG_WARN_CONSTANT_CONVERSION = YES;
				CLANG_WARN_DEPRECATED_OBJC_IMPLEMENTATIONS = YES;
				CLANG_WARN_DIRECT_OBJC_ISA_USAGE = YES_ERROR;
				CLANG_WARN_DOCUMENTATION_COMMENTS = YES;
				CLANG_WARN_EMPTY_BODY = YES;
				CLANG_WARN_ENUM_CONVERSION = YES;
				CLANG_WARN_INFINITE_RECURSION = YES;
				CLANG_WARN_INT_CONVERSION = YES;
				CLANG_WARN_NON_LITERAL_NULL_CONVERSION = YES;
				CLANG_WARN_OBJC_IMPLICIT_RETAIN_SELF = YES;
				CLANG_WARN_OBJC_LITERAL_CONVERSION = YES;
				CLANG_WARN_OBJC_ROOT_CLASS = YES_ERROR;
				CLANG_WARN_QUOTED_INCLUDE_IN_FRAMEWORK_HEADER = YES;
				CLANG_WARN_RANGE_LOOP_ANALYSIS = YES;
				CLANG_WARN_STRICT_PROTOTYPES = YES;
				CLANG_WARN_SUSPICIOUS_MOVE = YES;
				CLANG_WARN_UNGUARDED_AVAILABILITY = YES_AGGRESSIVE;
				CLANG_WARN_UNREACHABLE_CODE = YES;
				CLANG_WARN__DUPLICATE_METHOD_MATCH = YES;
				COPY_PHASE_STRIP = NO;
				DEBUG_INFORMATION_FORMAT = dwarf;
				ENABLE_STRICT_OBJC_MSGSEND = YES;
				ENABLE_TESTABILITY = YES;
				GCC_C_LANGUAGE_STANDARD = gnu11;
				GCC_DYNAMIC_NO_PIC = NO;
				GCC_NO_COMMON_BLOCKS = YES;
				GCC_OPTIMIZATION_LEVEL = 0;
				GCC_PREPROCESSOR_DEFINITIONS = (
					"DEBUG=1",
					"$(inherited)",
				);
				GCC_WARN_64_TO_32_BIT_CONVERSION = YES;
				GCC_WARN_ABOUT_RETURN_TYPE = YES_ERROR;
				GCC_WARN_UNDECLARED_SELECTOR = YES;
				GCC_WARN_UNINITIALIZED_AUTOS = YES_AGGRESSIVE;
				GCC_WARN_UNUSED_FUNCTION = YES;
				GCC_WARN_UNUSED_VARIABLE = YES;
				IPHONEOS_DEPLOYMENT_TARGET = 14.2;
				MTL_ENABLE_DEBUG_INFO = INCLUDE_SOURCE;
				MTL_FAST_MATH = YES;
				ONLY_ACTIVE_ARCH = YES;
				SDKROOT = iphoneos;
				SWIFT_ACTIVE_COMPILATION_CONDITIONS = DEBUG;
				SWIFT_OPTIMIZATION_LEVEL = "-Onone";
			};
			name = Debug;
		};
		7BCC474E2591F03B001AB0E3 /* Release */ = {
			isa = XCBuildConfiguration;
			buildSettings = {
				ALWAYS_SEARCH_USER_PATHS = NO;
				CLANG_ANALYZER_NONNULL = YES;
				CLANG_ANALYZER_NUMBER_OBJECT_CONVERSION = YES_AGGRESSIVE;
				CLANG_CXX_LANGUAGE_STANDARD = "gnu++14";
				CLANG_CXX_LIBRARY = "libc++";
				CLANG_ENABLE_MODULES = YES;
				CLANG_ENABLE_OBJC_ARC = YES;
				CLANG_ENABLE_OBJC_WEAK = YES;
				CLANG_WARN_BLOCK_CAPTURE_AUTORELEASING = YES;
				CLANG_WARN_BOOL_CONVERSION = YES;
				CLANG_WARN_COMMA = YES;
				CLANG_WARN_CONSTANT_CONVERSION = YES;
				CLANG_WARN_DEPRECATED_OBJC_IMPLEMENTATIONS = YES;
				CLANG_WARN_DIRECT_OBJC_ISA_USAGE = YES_ERROR;
				CLANG_WARN_DOCUMENTATION_COMMENTS = YES;
				CLANG_WARN_EMPTY_BODY = YES;
				CLANG_WARN_ENUM_CONVERSION = YES;
				CLANG_WARN_INFINITE_RECURSION = YES;
				CLANG_WARN_INT_CONVERSION = YES;
				CLANG_WARN_NON_LITERAL_NULL_CONVERSION = YES;
				CLANG_WARN_OBJC_IMPLICIT_RETAIN_SELF = YES;
				CLANG_WARN_OBJC_LITERAL_CONVERSION = YES;
				CLANG_WARN_OBJC_ROOT_CLASS = YES_ERROR;
				CLANG_WARN_QUOTED_INCLUDE_IN_FRAMEWORK_HEADER = YES;
				CLANG_WARN_RANGE_LOOP_ANALYSIS = YES;
				CLANG_WARN_STRICT_PROTOTYPES = YES;
				CLANG_WARN_SUSPICIOUS_MOVE = YES;
				CLANG_WARN_UNGUARDED_AVAILABILITY = YES_AGGRESSIVE;
				CLANG_WARN_UNREACHABLE_CODE = YES;
				CLANG_WARN__DUPLICATE_METHOD_MATCH = YES;
				COPY_PHASE_STRIP = NO;
				DEBUG_INFORMATION_FORMAT = "dwarf-with-dsym";
				ENABLE_NS_ASSERTIONS = NO;
				ENABLE_STRICT_OBJC_MSGSEND = YES;
				GCC_C_LANGUAGE_STANDARD = gnu11;
				GCC_NO_COMMON_BLOCKS = YES;
				GCC_WARN_64_TO_32_BIT_CONVERSION = YES;
				GCC_WARN_ABOUT_RETURN_TYPE = YES_ERROR;
				GCC_WARN_UNDECLARED_SELECTOR = YES;
				GCC_WARN_UNINITIALIZED_AUTOS = YES_AGGRESSIVE;
				GCC_WARN_UNUSED_FUNCTION = YES;
				GCC_WARN_UNUSED_VARIABLE = YES;
				IPHONEOS_DEPLOYMENT_TARGET = 14.2;
				MTL_ENABLE_DEBUG_INFO = NO;
				MTL_FAST_MATH = YES;
				SDKROOT = iphoneos;
				SWIFT_COMPILATION_MODE = wholemodule;
				SWIFT_OPTIMIZATION_LEVEL = "-O";
				VALIDATE_PRODUCT = YES;
			};
			name = Release;
		};
		7BCC47502591F03B001AB0E3 /* Debug */ = {
			isa = XCBuildConfiguration;
			baseConfigurationReference = B9414B4849F6B9421F110324 /* Pods-YourHealth.debug.xcconfig */;
			buildSettings = {
				ASSETCATALOG_COMPILER_APPICON_NAME = AppIcon;
				ASSETCATALOG_COMPILER_GLOBAL_ACCENT_COLOR_NAME = AccentColor;
				CODE_SIGN_STYLE = Automatic;
				DEVELOPMENT_ASSET_PATHS = "\"YourHealth/Preview Content\"";
				DEVELOPMENT_TEAM = U37A2M68C6;
				ENABLE_PREVIEWS = YES;
				INFOPLIST_FILE = YourHealth/Info.plist;
				LD_RUNPATH_SEARCH_PATHS = (
					"$(inherited)",
					"@executable_path/Frameworks",
				);
				PRODUCT_BUNDLE_IDENTIFIER = TV.YourHealth;
				PRODUCT_NAME = "$(TARGET_NAME)";
				SWIFT_VERSION = 5.0;
				TARGETED_DEVICE_FAMILY = "1,2";
			};
			name = Debug;
		};
		7BCC47512591F03B001AB0E3 /* Release */ = {
			isa = XCBuildConfiguration;
			baseConfigurationReference = 4B8FFBF2B6CF602A18E5C4EE /* Pods-YourHealth.release.xcconfig */;
			buildSettings = {
				ASSETCATALOG_COMPILER_APPICON_NAME = AppIcon;
				ASSETCATALOG_COMPILER_GLOBAL_ACCENT_COLOR_NAME = AccentColor;
				CODE_SIGN_STYLE = Automatic;
				DEVELOPMENT_ASSET_PATHS = "\"YourHealth/Preview Content\"";
				DEVELOPMENT_TEAM = U37A2M68C6;
				ENABLE_PREVIEWS = YES;
				INFOPLIST_FILE = YourHealth/Info.plist;
				LD_RUNPATH_SEARCH_PATHS = (
					"$(inherited)",
					"@executable_path/Frameworks",
				);
				PRODUCT_BUNDLE_IDENTIFIER = TV.YourHealth;
				PRODUCT_NAME = "$(TARGET_NAME)";
				SWIFT_VERSION = 5.0;
				TARGETED_DEVICE_FAMILY = "1,2";
			};
			name = Release;
		};
/* End XCBuildConfiguration section */

/* Begin XCConfigurationList section */
		7BCC47332591F039001AB0E3 /* Build configuration list for PBXProject "YourHealth" */ = {
			isa = XCConfigurationList;
			buildConfigurations = (
				7BCC474D2591F03B001AB0E3 /* Debug */,
				7BCC474E2591F03B001AB0E3 /* Release */,
			);
			defaultConfigurationIsVisible = 0;
			defaultConfigurationName = Release;
		};
		7BCC474F2591F03B001AB0E3 /* Build configuration list for PBXNativeTarget "YourHealth" */ = {
			isa = XCConfigurationList;
			buildConfigurations = (
				7BCC47502591F03B001AB0E3 /* Debug */,
				7BCC47512591F03B001AB0E3 /* Release */,
			);
			defaultConfigurationIsVisible = 0;
			defaultConfigurationName = Release;
		};
/* End XCConfigurationList section */

/* Begin XCVersionGroup section */
		7BCC47412591F039001AB0E3 /* YourHealth.xcdatamodeld */ = {
			isa = XCVersionGroup;
			children = (
				7BCC47422591F039001AB0E3 /* YourHealth.xcdatamodel */,
			);
			currentVersion = 7BCC47422591F039001AB0E3 /* YourHealth.xcdatamodel */;
			path = YourHealth.xcdatamodeld;
			sourceTree = "<group>";
			versionGroupType = wrapper.xcdatamodel;
		};
/* End XCVersionGroup section */
	};
	rootObject = 7BCC47302591F039001AB0E3 /* Project object */;
}
